{
    "version": 3,
    "terraform_version": "0.11.8",
    "serial": 2,
    "lineage": "3e2d386e-21f2-9e3b-8cda-4ca24da742c5",
    "modules": [
        {
            "path": [
                "root"
            ],
            "outputs": {
                "nameservers to use at your DNS registrar": {
                    "sensitive": false,
                    "type": "list",
                    "value": []
                }
            },
            "resources": {
                "aws_cloudfront_origin_access_identity.origin_access_identity": {
                    "type": "aws_cloudfront_origin_access_identity",
                    "depends_on": [],
                    "primary": {
                        "id": "E36B4GYAWDYBIH",
                        "attributes": {
                            "caller_reference": "2018-09-23T16:46:29.275679-05:00",
                            "cloudfront_access_identity_path": "origin-access-identity/cloudfront/E36B4GYAWDYBIH",
                            "etag": "E2HFVIKAS0E5RK",
                            "iam_arn": "arn:aws:iam::cloudfront:user/CloudFront Origin Access Identity E36B4GYAWDYBIH",
                            "id": "E36B4GYAWDYBIH",
                            "s3_canonical_user_id": "f61734bee9b9ea395454c6c8b54534f70e94e06028577b09fcaf464ecaba67aefb0e6d77f06f982d6684f668646dc572"
                        },
                        "meta": {},
                        "tainted": false
                    },
                    "deposed": [],
                    "provider": "provider.aws"
                },
                "aws_dynamodb_table.terraform_state_lock": {
                    "type": "aws_dynamodb_table",
                    "depends_on": [
                        "data.aws_caller_identity.current",
                        "data.aws_region.current"
                    ],
                    "primary": {
                        "id": "476172414658-us-east-1-dynamodb-terraform-lock-table",
                        "attributes": {
                            "arn": "arn:aws:dynamodb:us-east-1:476172414658:table/476172414658-us-east-1-dynamodb-terraform-lock-table",
                            "attribute.#": "1",
                            "attribute.2068930648.name": "LockID",
                            "attribute.2068930648.type": "S",
                            "global_secondary_index.#": "0",
                            "hash_key": "LockID",
                            "id": "476172414658-us-east-1-dynamodb-terraform-lock-table",
                            "local_secondary_index.#": "0",
                            "name": "476172414658-us-east-1-dynamodb-terraform-lock-table",
                            "point_in_time_recovery.#": "1",
                            "point_in_time_recovery.0.enabled": "false",
                            "read_capacity": "2",
                            "server_side_encryption.#": "0",
                            "stream_arn": "",
                            "stream_enabled": "false",
                            "stream_label": "",
                            "stream_view_type": "",
                            "tags.%": "1",
                            "tags.Purpose": "Terraform state lock for state in 476172414658-us-east-1-ecsworkshop.com-terraform-state-store:terraform.tfstate ",
                            "ttl.#": "0",
                            "write_capacity": "2"
                        },
                        "meta": {
                            "e2bfb730-ecaa-11e6-8f88-34363bc7c4c0": {
                                "create": 600000000000,
                                "delete": 600000000000,
                                "update": 600000000000
                            },
                            "schema_version": "1"
                        },
                        "tainted": false
                    },
                    "deposed": [],
                    "provider": "provider.aws"
                },
                "aws_iam_policy.codebuild": {
                    "type": "aws_iam_policy",
                    "depends_on": [
                        "data.aws_iam_policy_document.codebuild"
                    ],
                    "primary": {
                        "id": "arn:aws:iam::476172414658:policy/ecsworkshop_codebuild",
                        "attributes": {
                            "arn": "arn:aws:iam::476172414658:policy/ecsworkshop_codebuild",
                            "description": "",
                            "id": "arn:aws:iam::476172414658:policy/ecsworkshop_codebuild",
                            "name": "ecsworkshop_codebuild",
                            "path": "/",
                            "policy": "{\n  \"Version\": \"2012-10-17\",\n  \"Statement\": [\n    {\n      \"Sid\": \"1\",\n      \"Effect\": \"Allow\",\n      \"Action\": [\n        \"s3:RestoreObject\",\n        \"s3:ReplicateTags\",\n        \"s3:ReplicateObject\",\n        \"s3:ReplicateDelete\",\n        \"s3:PutReplicationConfiguration\",\n        \"s3:PutObjectVersionTagging\",\n        \"s3:PutObjectTagging\",\n        \"s3:PutObject\",\n        \"s3:PutMetricsConfiguration\",\n        \"s3:PutLifecycleConfiguration\",\n        \"s3:PutIpConfiguration\",\n        \"s3:PutInventoryConfiguration\",\n        \"s3:PutEncryptionConfiguration\",\n        \"s3:PutBucketWebsite\",\n        \"s3:PutBucketVersioning\",\n        \"s3:PutBucketTagging\",\n        \"s3:PutBucketRequestPayment\",\n        \"s3:PutBucketNotification\",\n        \"s3:PutBucketLogging\",\n        \"s3:PutBucketCORS\",\n        \"s3:PutAccelerateConfiguration\",\n        \"s3:ListMultipartUploadParts\",\n        \"s3:ListBucketVersions\",\n        \"s3:ListBucketMultipartUploads\",\n        \"s3:ListBucketByTags\",\n        \"s3:ListBucket\",\n        \"s3:GetReplicationConfiguration\",\n        \"s3:GetObjectVersionTorrent\",\n        \"s3:GetObjectVersionTagging\",\n        \"s3:GetObjectVersionForReplication\",\n        \"s3:GetObjectVersionAcl\",\n        \"s3:GetObjectVersion\",\n        \"s3:GetObjectTorrent\",\n        \"s3:GetObjectTagging\",\n        \"s3:GetObjectAcl\",\n        \"s3:GetObject\",\n        \"s3:GetMetricsConfiguration\",\n        \"s3:GetLifecycleConfiguration\",\n        \"s3:GetIpConfiguration\",\n        \"s3:GetInventoryConfiguration\",\n        \"s3:GetEncryptionConfiguration\",\n        \"s3:GetBucketWebsite\",\n        \"s3:GetBucketVersioning\",\n        \"s3:GetBucketTagging\",\n        \"s3:GetBucketRequestPayment\",\n        \"s3:GetBucketPolicy\",\n        \"s3:GetBucketNotification\",\n        \"s3:GetBucketLogging\",\n        \"s3:GetBucketLocation\",\n        \"s3:GetBucketCORS\",\n        \"s3:GetBucketAcl\",\n        \"s3:GetAnalyticsConfiguration\",\n        \"s3:GetAccelerateConfiguration\",\n        \"s3:DeleteObjectVersionTagging\",\n        \"s3:DeleteObjectVersion\",\n        \"s3:DeleteObjectTagging\",\n        \"s3:DeleteObject\",\n        \"s3:DeleteBucketWebsite\",\n        \"s3:DeleteBucket\",\n        \"s3:CreateBucket\",\n        \"s3:AbortMultipartUpload\"\n      ],\n      \"Resource\": [\n        \"arn:aws:s3:::476172414658-us-east-1-brentley-ecsworkshop.com/*\",\n        \"arn:aws:s3:::476172414658-us-east-1-brentley-ecsworkshop.com\"\n      ]\n    },\n    {\n      \"Sid\": \"\",\n      \"Effect\": \"Allow\",\n      \"Action\": \"cloudfront:CreateInvalidation\",\n      \"Resource\": \"*\"\n    },\n    {\n      \"Sid\": \"\",\n      \"Effect\": \"Allow\",\n      \"Action\": [\n        \"logs:PutLogEvents\",\n        \"logs:CreateLogStream\",\n        \"logs:CreateLogGroup\"\n      ],\n      \"Resource\": \"*\"\n    },\n    {\n      \"Sid\": \"\",\n      \"Effect\": \"Allow\",\n      \"Action\": [\n        \"waf:ListWebACLs\",\n        \"waf:GetWebACL\",\n        \"iam:ListServerCertificates\",\n        \"acm:ListCertificates\"\n      ],\n      \"Resource\": \"*\"\n    }\n  ]\n}"
                        },
                        "meta": {},
                        "tainted": false
                    },
                    "deposed": [],
                    "provider": "provider.aws"
                },
                "aws_iam_role_policy_attachment.attach-codebuild-policy": {
                    "type": "aws_iam_role_policy_attachment",
                    "depends_on": [
                        "aws_iam_policy.codebuild",
                        "module.iam_assume_role"
                    ],
                    "primary": {
                        "id": "codebuild-ecsworkshop-service-role-20180923214643857500000001",
                        "attributes": {
                            "id": "codebuild-ecsworkshop-service-role-20180923214643857500000001",
                            "policy_arn": "arn:aws:iam::476172414658:policy/ecsworkshop_codebuild",
                            "role": "codebuild-ecsworkshop-service-role"
                        },
                        "meta": {},
                        "tainted": false
                    },
                    "deposed": [],
                    "provider": "provider.aws"
                },
                "aws_s3_bucket.s3_backend": {
                    "type": "aws_s3_bucket",
                    "depends_on": [
                        "data.aws_caller_identity.current",
                        "data.aws_region.current"
                    ],
                    "primary": {
                        "id": "476172414658-us-east-1-ecsworkshop.com-terraform-state-store",
                        "attributes": {
                            "acceleration_status": "",
                            "acl": "private",
                            "arn": "arn:aws:s3:::476172414658-us-east-1-ecsworkshop.com-terraform-state-store",
                            "bucket": "476172414658-us-east-1-ecsworkshop.com-terraform-state-store",
                            "bucket_domain_name": "476172414658-us-east-1-ecsworkshop.com-terraform-state-store.s3.amazonaws.com",
                            "bucket_regional_domain_name": "476172414658-us-east-1-ecsworkshop.com-terraform-state-store.s3.amazonaws.com",
                            "cors_rule.#": "0",
                            "force_destroy": "false",
                            "hosted_zone_id": "Z3AQBSTGFYJSTF",
                            "id": "476172414658-us-east-1-ecsworkshop.com-terraform-state-store",
                            "lifecycle_rule.#": "0",
                            "logging.#": "0",
                            "region": "us-east-1",
                            "replication_configuration.#": "0",
                            "request_payer": "BucketOwner",
                            "server_side_encryption_configuration.#": "0",
                            "tags.%": "2",
                            "tags.Name": "TF remote state test",
                            "tags.Terraform": "true",
                            "versioning.#": "1",
                            "versioning.0.enabled": "false",
                            "versioning.0.mfa_delete": "false",
                            "website.#": "0"
                        },
                        "meta": {},
                        "tainted": false
                    },
                    "deposed": [],
                    "provider": "provider.aws"
                },
                "aws_s3_bucket.site_bucket": {
                    "type": "aws_s3_bucket",
                    "depends_on": [
                        "data.aws_caller_identity.current",
                        "data.aws_iam_policy_document.site_policy",
                        "data.aws_region.current"
                    ],
                    "primary": {
                        "id": "476172414658-us-east-1-brentley-ecsworkshop.com",
                        "attributes": {
                            "acceleration_status": "",
                            "acl": "private",
                            "arn": "arn:aws:s3:::476172414658-us-east-1-brentley-ecsworkshop.com",
                            "bucket": "476172414658-us-east-1-brentley-ecsworkshop.com",
                            "bucket_domain_name": "476172414658-us-east-1-brentley-ecsworkshop.com.s3.amazonaws.com",
                            "bucket_regional_domain_name": "476172414658-us-east-1-brentley-ecsworkshop.com.s3.amazonaws.com",
                            "cors_rule.#": "0",
                            "force_destroy": "false",
                            "hosted_zone_id": "Z3AQBSTGFYJSTF",
                            "id": "476172414658-us-east-1-brentley-ecsworkshop.com",
                            "lifecycle_rule.#": "0",
                            "logging.#": "0",
                            "policy": "{\"Statement\":[{\"Action\":\"s3:GetObject\",\"Effect\":\"Allow\",\"Principal\":{\"AWS\":\"arn:aws:iam::cloudfront:user/CloudFront Origin Access Identity E36B4GYAWDYBIH\"},\"Resource\":\"arn:aws:s3:::476172414658-us-east-1-brentley-ecsworkshop.com/*\",\"Sid\":\"\"}],\"Version\":\"2012-10-17\"}",
                            "region": "us-east-1",
                            "replication_configuration.#": "0",
                            "request_payer": "BucketOwner",
                            "server_side_encryption_configuration.#": "0",
                            "tags.%": "0",
                            "versioning.#": "1",
                            "versioning.0.enabled": "false",
                            "versioning.0.mfa_delete": "false",
                            "website.#": "1",
                            "website.0.error_document": "",
                            "website.0.index_document": "index.html",
                            "website.0.redirect_all_requests_to": "",
                            "website.0.routing_rules": "",
                            "website_domain": "s3-website-us-east-1.amazonaws.com",
                            "website_endpoint": "476172414658-us-east-1-brentley-ecsworkshop.com.s3-website-us-east-1.amazonaws.com"
                        },
                        "meta": {},
                        "tainted": false
                    },
                    "deposed": [],
                    "provider": "provider.aws"
                },
                "data.aws_caller_identity.current": {
                    "type": "aws_caller_identity",
                    "depends_on": [],
                    "primary": {
                        "id": "2018-09-23 21:46:22.052357 +0000 UTC",
                        "attributes": {
                            "account_id": "476172414658",
                            "arn": "arn:aws:iam::476172414658:user/brent",
                            "id": "2018-09-23 21:46:22.052357 +0000 UTC",
                            "user_id": "AIDAJ5IFHDVUYJN5F7NGC"
                        },
                        "meta": {},
                        "tainted": false
                    },
                    "deposed": [],
                    "provider": "provider.aws"
                },
                "data.aws_iam_policy_document.codebuild": {
                    "type": "aws_iam_policy_document",
                    "depends_on": [
                        "aws_s3_bucket.site_bucket"
                    ],
                    "primary": {
                        "id": "3071233010",
                        "attributes": {
                            "id": "3071233010",
                            "json": "{\n  \"Version\": \"2012-10-17\",\n  \"Statement\": [\n    {\n      \"Sid\": \"1\",\n      \"Effect\": \"Allow\",\n      \"Action\": [\n        \"s3:RestoreObject\",\n        \"s3:ReplicateTags\",\n        \"s3:ReplicateObject\",\n        \"s3:ReplicateDelete\",\n        \"s3:PutReplicationConfiguration\",\n        \"s3:PutObjectVersionTagging\",\n        \"s3:PutObjectTagging\",\n        \"s3:PutObject\",\n        \"s3:PutMetricsConfiguration\",\n        \"s3:PutLifecycleConfiguration\",\n        \"s3:PutIpConfiguration\",\n        \"s3:PutInventoryConfiguration\",\n        \"s3:PutEncryptionConfiguration\",\n        \"s3:PutBucketWebsite\",\n        \"s3:PutBucketVersioning\",\n        \"s3:PutBucketTagging\",\n        \"s3:PutBucketRequestPayment\",\n        \"s3:PutBucketNotification\",\n        \"s3:PutBucketLogging\",\n        \"s3:PutBucketCORS\",\n        \"s3:PutAccelerateConfiguration\",\n        \"s3:ListMultipartUploadParts\",\n        \"s3:ListBucketVersions\",\n        \"s3:ListBucketMultipartUploads\",\n        \"s3:ListBucketByTags\",\n        \"s3:ListBucket\",\n        \"s3:GetReplicationConfiguration\",\n        \"s3:GetObjectVersionTorrent\",\n        \"s3:GetObjectVersionTagging\",\n        \"s3:GetObjectVersionForReplication\",\n        \"s3:GetObjectVersionAcl\",\n        \"s3:GetObjectVersion\",\n        \"s3:GetObjectTorrent\",\n        \"s3:GetObjectTagging\",\n        \"s3:GetObjectAcl\",\n        \"s3:GetObject\",\n        \"s3:GetMetricsConfiguration\",\n        \"s3:GetLifecycleConfiguration\",\n        \"s3:GetIpConfiguration\",\n        \"s3:GetInventoryConfiguration\",\n        \"s3:GetEncryptionConfiguration\",\n        \"s3:GetBucketWebsite\",\n        \"s3:GetBucketVersioning\",\n        \"s3:GetBucketTagging\",\n        \"s3:GetBucketRequestPayment\",\n        \"s3:GetBucketPolicy\",\n        \"s3:GetBucketNotification\",\n        \"s3:GetBucketLogging\",\n        \"s3:GetBucketLocation\",\n        \"s3:GetBucketCORS\",\n        \"s3:GetBucketAcl\",\n        \"s3:GetAnalyticsConfiguration\",\n        \"s3:GetAccelerateConfiguration\",\n        \"s3:DeleteObjectVersionTagging\",\n        \"s3:DeleteObjectVersion\",\n        \"s3:DeleteObjectTagging\",\n        \"s3:DeleteObject\",\n        \"s3:DeleteBucketWebsite\",\n        \"s3:DeleteBucket\",\n        \"s3:CreateBucket\",\n        \"s3:AbortMultipartUpload\"\n      ],\n      \"Resource\": [\n        \"arn:aws:s3:::476172414658-us-east-1-brentley-ecsworkshop.com/*\",\n        \"arn:aws:s3:::476172414658-us-east-1-brentley-ecsworkshop.com\"\n      ]\n    },\n    {\n      \"Sid\": \"\",\n      \"Effect\": \"Allow\",\n      \"Action\": \"cloudfront:CreateInvalidation\",\n      \"Resource\": \"*\"\n    },\n    {\n      \"Sid\": \"\",\n      \"Effect\": \"Allow\",\n      \"Action\": [\n        \"logs:PutLogEvents\",\n        \"logs:CreateLogStream\",\n        \"logs:CreateLogGroup\"\n      ],\n      \"Resource\": \"*\"\n    },\n    {\n      \"Sid\": \"\",\n      \"Effect\": \"Allow\",\n      \"Action\": [\n        \"waf:ListWebACLs\",\n        \"waf:GetWebACL\",\n        \"iam:ListServerCertificates\",\n        \"acm:ListCertificates\"\n      ],\n      \"Resource\": \"*\"\n    }\n  ]\n}",
                            "statement.#": "4",
                            "statement.0.actions.#": "61",
                            "statement.0.actions.1009480624": "s3:ReplicateObject",
                            "statement.0.actions.1383091109": "s3:CreateBucket",
                            "statement.0.actions.1405936138": "s3:GetObjectVersionAcl",
                            "statement.0.actions.1450736660": "s3:PutBucketRequestPayment",
                            "statement.0.actions.1516387388": "s3:GetBucketWebsite",
                            "statement.0.actions.1520376735": "s3:GetObjectVersionTorrent",
                            "statement.0.actions.153304319": "s3:GetBucketNotification",
                            "statement.0.actions.1599486773": "s3:DeleteBucketWebsite",
                            "statement.0.actions.1794484843": "s3:GetReplicationConfiguration",
                            "statement.0.actions.1854770741": "s3:PutMetricsConfiguration",
                            "statement.0.actions.2059880976": "s3:GetObjectTagging",
                            "statement.0.actions.2071725391": "s3:GetObject",
                            "statement.0.actions.2146651417": "s3:DeleteObjectTagging",
                            "statement.0.actions.2219775260": "s3:ReplicateTags",
                            "statement.0.actions.2257797887": "s3:PutIpConfiguration",
                            "statement.0.actions.2259829609": "s3:PutBucketCORS",
                            "statement.0.actions.2323439281": "s3:GetAccelerateConfiguration",
                            "statement.0.actions.2340874132": "s3:PutBucketWebsite",
                            "statement.0.actions.2397657618": "s3:PutBucketNotification",
                            "statement.0.actions.2508446516": "s3:PutObjectVersionTagging",
                            "statement.0.actions.2517836488": "s3:GetObjectAcl",
                            "statement.0.actions.2656303931": "s3:ListMultipartUploadParts",
                            "statement.0.actions.2786999459": "s3:ListBucketByTags",
                            "statement.0.actions.2839987823": "s3:ListBucketVersions",
                            "statement.0.actions.285009884": "s3:PutEncryptionConfiguration",
                            "statement.0.actions.2871235000": "s3:PutObjectTagging",
                            "statement.0.actions.2895079450": "s3:PutAccelerateConfiguration",
                            "statement.0.actions.3009670498": "s3:DeleteObject",
                            "statement.0.actions.3100361977": "s3:GetBucketPolicy",
                            "statement.0.actions.3142689878": "s3:RestoreObject",
                            "statement.0.actions.315547055": "s3:PutObject",
                            "statement.0.actions.329996733": "s3:AbortMultipartUpload",
                            "statement.0.actions.3330865945": "s3:GetBucketTagging",
                            "statement.0.actions.3372930952": "s3:GetBucketVersioning",
                            "statement.0.actions.3620794286": "s3:GetInventoryConfiguration",
                            "statement.0.actions.3665958194": "s3:GetObjectVersionTagging",
                            "statement.0.actions.3671464554": "s3:GetObjectVersion",
                            "statement.0.actions.3687506228": "s3:PutBucketVersioning",
                            "statement.0.actions.3705536664": "s3:GetAnalyticsConfiguration",
                            "statement.0.actions.3740157550": "s3:PutLifecycleConfiguration",
                            "statement.0.actions.3756137827": "s3:DeleteObjectVersion",
                            "statement.0.actions.3873010871": "s3:ReplicateDelete",
                            "statement.0.actions.3893195122": "s3:PutBucketLogging",
                            "statement.0.actions.392962225": "s3:PutBucketTagging",
                            "statement.0.actions.3948445924": "s3:GetBucketLocation",
                            "statement.0.actions.3989205834": "s3:GetObjectVersionForReplication",
                            "statement.0.actions.4048334502": "s3:GetIpConfiguration",
                            "statement.0.actions.4100473182": "s3:GetLifecycleConfiguration",
                            "statement.0.actions.4208608445": "s3:GetObjectTorrent",
                            "statement.0.actions.4250331294": "s3:PutInventoryConfiguration",
                            "statement.0.actions.427405842": "s3:GetBucketRequestPayment",
                            "statement.0.actions.486976917": "s3:ListBucket",
                            "statement.0.actions.548422": "s3:ListBucketMultipartUploads",
                            "statement.0.actions.562839603": "s3:GetMetricsConfiguration",
                            "statement.0.actions.623236977": "s3:DeleteBucket",
                            "statement.0.actions.735519677": "s3:PutReplicationConfiguration",
                            "statement.0.actions.828411437": "s3:DeleteObjectVersionTagging",
                            "statement.0.actions.835351327": "s3:GetBucketCORS",
                            "statement.0.actions.845481387": "s3:GetBucketAcl",
                            "statement.0.actions.906973559": "s3:GetEncryptionConfiguration",
                            "statement.0.actions.971614938": "s3:GetBucketLogging",
                            "statement.0.condition.#": "0",
                            "statement.0.effect": "Allow",
                            "statement.0.not_actions.#": "0",
                            "statement.0.not_principals.#": "0",
                            "statement.0.not_resources.#": "0",
                            "statement.0.principals.#": "0",
                            "statement.0.resources.#": "2",
                            "statement.0.resources.1933745092": "arn:aws:s3:::476172414658-us-east-1-brentley-ecsworkshop.com/*",
                            "statement.0.resources.2532026687": "arn:aws:s3:::476172414658-us-east-1-brentley-ecsworkshop.com",
                            "statement.0.sid": "1",
                            "statement.1.actions.#": "1",
                            "statement.1.actions.112443139": "cloudfront:CreateInvalidation",
                            "statement.1.condition.#": "0",
                            "statement.1.effect": "Allow",
                            "statement.1.not_actions.#": "0",
                            "statement.1.not_principals.#": "0",
                            "statement.1.not_resources.#": "0",
                            "statement.1.principals.#": "0",
                            "statement.1.resources.#": "1",
                            "statement.1.resources.2679715827": "*",
                            "statement.1.sid": "",
                            "statement.2.actions.#": "3",
                            "statement.2.actions.2809485102": "logs:CreateLogGroup",
                            "statement.2.actions.3285979848": "logs:CreateLogStream",
                            "statement.2.actions.39743051": "logs:PutLogEvents",
                            "statement.2.condition.#": "0",
                            "statement.2.effect": "Allow",
                            "statement.2.not_actions.#": "0",
                            "statement.2.not_principals.#": "0",
                            "statement.2.not_resources.#": "0",
                            "statement.2.principals.#": "0",
                            "statement.2.resources.#": "1",
                            "statement.2.resources.2679715827": "*",
                            "statement.2.sid": "",
                            "statement.3.actions.#": "4",
                            "statement.3.actions.1346383840": "iam:ListServerCertificates",
                            "statement.3.actions.3963739000": "acm:ListCertificates",
                            "statement.3.actions.592737952": "waf:GetWebACL",
                            "statement.3.actions.836970873": "waf:ListWebACLs",
                            "statement.3.condition.#": "0",
                            "statement.3.effect": "Allow",
                            "statement.3.not_actions.#": "0",
                            "statement.3.not_principals.#": "0",
                            "statement.3.not_resources.#": "0",
                            "statement.3.principals.#": "0",
                            "statement.3.resources.#": "1",
                            "statement.3.resources.2679715827": "*",
                            "statement.3.sid": ""
                        },
                        "meta": {},
                        "tainted": false
                    },
                    "deposed": [],
                    "provider": "provider.aws"
                },
                "data.aws_iam_policy_document.codebuild-service-role": {
                    "type": "aws_iam_policy_document",
                    "depends_on": [],
                    "primary": {
                        "id": "442947395",
                        "attributes": {
                            "id": "442947395",
                            "json": "{\n  \"Version\": \"2012-10-17\",\n  \"Statement\": [\n    {\n      \"Sid\": \"\",\n      \"Effect\": \"Allow\",\n      \"Action\": \"sts:AssumeRole\",\n      \"Principal\": {\n        \"Service\": \"codebuild.amazonaws.com\"\n      }\n    }\n  ]\n}",
                            "statement.#": "1",
                            "statement.0.actions.#": "1",
                            "statement.0.actions.2528466339": "sts:AssumeRole",
                            "statement.0.condition.#": "0",
                            "statement.0.effect": "Allow",
                            "statement.0.not_actions.#": "0",
                            "statement.0.not_principals.#": "0",
                            "statement.0.not_resources.#": "0",
                            "statement.0.principals.#": "1",
                            "statement.0.principals.1915973264.identifiers.#": "1",
                            "statement.0.principals.1915973264.identifiers.4266571243": "codebuild.amazonaws.com",
                            "statement.0.principals.1915973264.type": "Service",
                            "statement.0.resources.#": "0",
                            "statement.0.sid": ""
                        },
                        "meta": {},
                        "tainted": false
                    },
                    "deposed": [],
                    "provider": "provider.aws"
                },
                "data.aws_iam_policy_document.site_policy": {
                    "type": "aws_iam_policy_document",
                    "depends_on": [
                        "aws_cloudfront_origin_access_identity.origin_access_identity",
                        "data.aws_caller_identity.current",
                        "data.aws_region.current"
                    ],
                    "primary": {
                        "id": "3382006619",
                        "attributes": {
                            "id": "3382006619",
                            "json": "{\n  \"Version\": \"2012-10-17\",\n  \"Statement\": [\n    {\n      \"Sid\": \"\",\n      \"Effect\": \"Allow\",\n      \"Action\": \"s3:GetObject\",\n      \"Resource\": \"arn:aws:s3:::476172414658-us-east-1-brentley-ecsworkshop.com/*\",\n      \"Principal\": {\n        \"AWS\": \"arn:aws:iam::cloudfront:user/CloudFront Origin Access Identity E36B4GYAWDYBIH\"\n      }\n    }\n  ]\n}",
                            "statement.#": "1",
                            "statement.0.actions.#": "1",
                            "statement.0.actions.2071725391": "s3:GetObject",
                            "statement.0.condition.#": "0",
                            "statement.0.effect": "Allow",
                            "statement.0.not_actions.#": "0",
                            "statement.0.not_principals.#": "0",
                            "statement.0.not_resources.#": "0",
                            "statement.0.principals.#": "1",
                            "statement.0.principals.3581580976.identifiers.#": "1",
                            "statement.0.principals.3581580976.identifiers.3634635997": "arn:aws:iam::cloudfront:user/CloudFront Origin Access Identity E36B4GYAWDYBIH",
                            "statement.0.principals.3581580976.type": "AWS",
                            "statement.0.resources.#": "1",
                            "statement.0.resources.1933745092": "arn:aws:s3:::476172414658-us-east-1-brentley-ecsworkshop.com/*",
                            "statement.0.sid": ""
                        },
                        "meta": {},
                        "tainted": false
                    },
                    "deposed": [],
                    "provider": "provider.aws"
                },
                "data.aws_region.current": {
                    "type": "aws_region",
                    "depends_on": [],
                    "primary": {
                        "id": "us-east-1",
                        "attributes": {
                            "current": "true",
                            "description": "US East (N. Virginia)",
                            "endpoint": "ec2.us-east-1.amazonaws.com",
                            "id": "us-east-1",
                            "name": "us-east-1"
                        },
                        "meta": {},
                        "tainted": false
                    },
                    "deposed": [],
                    "provider": "provider.aws"
                },
                "local_file.terraform_tf": {
                    "type": "local_file",
                    "depends_on": [
                        "data.aws_caller_identity.current",
                        "data.aws_region.current"
                    ],
                    "primary": {
                        "id": "f8eb0623d70cc25eba9f8570aac5c91f0c876337",
                        "attributes": {
                            "content": "    terraform {\n      backend \"s3\" {\n        bucket         = \"476172414658-us-east-1-ecsworkshop.com-terraform-state-store\"\n        key            = \"terraform.tfstate\"\n        region         = \"us-east-1\"\n        encrypt        = false\n        dynamodb_table = \"476172414658-us-east-1-dynamodb-terraform-lock-table\"\n      }\n    }\n    ",
                            "filename": "/Users/blangs/git/ecsworkshop/terraform/terraform.tf",
                            "id": "f8eb0623d70cc25eba9f8570aac5c91f0c876337"
                        },
                        "meta": {},
                        "tainted": false
                    },
                    "deposed": [],
                    "provider": "provider.local"
                }
            },
            "depends_on": []
        },
        {
            "path": [
                "root",
                "acm_request_certificate"
            ],
            "outputs": {
                "arn": {
                    "sensitive": false,
                    "type": "string",
                    "value": "arn:aws:acm:us-east-1:476172414658:certificate/e31d5eea-f530-4e2d-9a2d-646a5d06af93"
                },
                "domain_validation_options": {
                    "sensitive": false,
                    "type": "list",
                    "value": [
                        {
                            "domain_name": "ecsworkshop.com",
                            "resource_record_name": "_230b2dd409add6847e803ae1093e3015.ecsworkshop.com.",
                            "resource_record_type": "CNAME",
                            "resource_record_value": "_4a06bc8cc7bcc9018b5bd28c4736fe44.tljzshvwok.acm-validations.aws."
                        }
                    ]
                },
                "id": {
                    "sensitive": false,
                    "type": "string",
                    "value": "arn:aws:acm:us-east-1:476172414658:certificate/e31d5eea-f530-4e2d-9a2d-646a5d06af93"
                }
            },
            "resources": {
                "aws_acm_certificate.default": {
                    "type": "aws_acm_certificate",
                    "depends_on": [],
                    "primary": {
                        "id": "arn:aws:acm:us-east-1:476172414658:certificate/e31d5eea-f530-4e2d-9a2d-646a5d06af93",
                        "attributes": {
                            "arn": "arn:aws:acm:us-east-1:476172414658:certificate/e31d5eea-f530-4e2d-9a2d-646a5d06af93",
                            "domain_name": "ecsworkshop.com",
                            "domain_validation_options.#": "1",
                            "domain_validation_options.0.domain_name": "ecsworkshop.com",
                            "domain_validation_options.0.resource_record_name": "_230b2dd409add6847e803ae1093e3015.ecsworkshop.com.",
                            "domain_validation_options.0.resource_record_type": "CNAME",
                            "domain_validation_options.0.resource_record_value": "_4a06bc8cc7bcc9018b5bd28c4736fe44.tljzshvwok.acm-validations.aws.",
                            "id": "arn:aws:acm:us-east-1:476172414658:certificate/e31d5eea-f530-4e2d-9a2d-646a5d06af93",
                            "subject_alternative_names.#": "0",
                            "tags.%": "0",
                            "validation_emails.#": "0",
                            "validation_method": "DNS"
                        },
                        "meta": {},
                        "tainted": false
                    },
                    "deposed": [],
                    "provider": "provider.aws"
                }
            },
            "depends_on": []
        },
        {
            "path": [
                "root",
                "iam_assume_role"
            ],
            "outputs": {
                "this_iam_role_arn": {
                    "sensitive": false,
                    "type": "string",
                    "value": "arn:aws:iam::476172414658:role/codebuild-ecsworkshop-service-role"
                },
                "this_iam_role_id": {
                    "sensitive": false,
                    "type": "string",
                    "value": "codebuild-ecsworkshop-service-role"
                },
                "this_iam_role_name": {
                    "sensitive": false,
                    "type": "string",
                    "value": "codebuild-ecsworkshop-service-role"
                }
            },
            "resources": {
                "aws_iam_instance_profile.instance_profile": {
                    "type": "aws_iam_instance_profile",
                    "depends_on": [
                        "aws_iam_role.this"
                    ],
                    "primary": {
                        "id": "codebuild-ecsworkshop-service-role",
                        "attributes": {
                            "arn": "arn:aws:iam::476172414658:instance-profile/codebuild-ecsworkshop-service-role",
                            "create_date": "2018-09-23T21:46:34Z",
                            "id": "codebuild-ecsworkshop-service-role",
                            "name": "codebuild-ecsworkshop-service-role",
                            "path": "/",
                            "role": "codebuild-ecsworkshop-service-role",
                            "roles.#": "0",
                            "unique_id": "AIPAJ7TANFMPYJMVWPJH6"
                        },
                        "meta": {},
                        "tainted": false
                    },
                    "deposed": [],
                    "provider": "provider.aws"
                },
                "aws_iam_role.this": {
                    "type": "aws_iam_role",
                    "depends_on": [],
                    "primary": {
                        "id": "codebuild-ecsworkshop-service-role",
                        "attributes": {
                            "arn": "arn:aws:iam::476172414658:role/codebuild-ecsworkshop-service-role",
                            "assume_role_policy": "{\"Version\":\"2012-10-17\",\"Statement\":[{\"Sid\":\"\",\"Effect\":\"Allow\",\"Principal\":{\"Service\":\"codebuild.amazonaws.com\"},\"Action\":\"sts:AssumeRole\"}]}",
                            "create_date": "2018-09-23T21:46:34Z",
                            "description": "",
                            "force_detach_policies": "false",
                            "id": "codebuild-ecsworkshop-service-role",
                            "max_session_duration": "3600",
                            "name": "codebuild-ecsworkshop-service-role",
                            "path": "/",
                            "unique_id": "AROAJNQJHADTWGXHFGEVC"
                        },
                        "meta": {},
                        "tainted": false
                    },
                    "deposed": [],
                    "provider": "provider.aws"
                },
                "aws_iam_role_policy_attachment.attachment": {
                    "type": "aws_iam_role_policy_attachment",
                    "depends_on": [
                        "aws_iam_role.this"
                    ],
                    "primary": {
                        "id": "codebuild-ecsworkshop-service-role-20180923214643887500000002",
                        "attributes": {
                            "id": "codebuild-ecsworkshop-service-role-20180923214643887500000002",
                            "policy_arn": "arn:aws:iam::476172414658:policy/ecsworkshop_codebuild",
                            "role": "codebuild-ecsworkshop-service-role"
                        },
                        "meta": {},
                        "tainted": false
                    },
                    "deposed": [],
                    "provider": "provider.aws"
                }
            },
            "depends_on": []
        }
    ]
}
